// !$*UTF8*$!
{
	archiveVersion = 1;
	classes = {
	};
	objectVersion = 50;
	objects = {

/* Begin PBXBuildFile section */
		2B14FF8427301FCF00FE6112 /* AppDelegate.swift in Sources */ = {isa = PBXBuildFile; fileRef = 2B14FF8327301FCF00FE6112 /* AppDelegate.swift */; };
		2B14FF8627301FCF00FE6112 /* SceneDelegate.swift in Sources */ = {isa = PBXBuildFile; fileRef = 2B14FF8527301FCF00FE6112 /* SceneDelegate.swift */; };
		2B14FF8827301FCF00FE6112 /* ViewController.swift in Sources */ = {isa = PBXBuildFile; fileRef = 2B14FF8727301FCF00FE6112 /* ViewController.swift */; };
		2B14FF8B27301FCF00FE6112 /* Main.storyboard in Resources */ = {isa = PBXBuildFile; fileRef = 2B14FF8927301FCF00FE6112 /* Main.storyboard */; };
		2B14FF8D27301FD200FE6112 /* Assets.xcassets in Resources */ = {isa = PBXBuildFile; fileRef = 2B14FF8C27301FD200FE6112 /* Assets.xcassets */; };
		2B14FF9027301FD200FE6112 /* LaunchScreen.storyboard in Resources */ = {isa = PBXBuildFile; fileRef = 2B14FF8E27301FD200FE6112 /* LaunchScreen.storyboard */; };
		2B14FF982730202200FE6112 /* Person.swift in Sources */ = {isa = PBXBuildFile; fileRef = 2B14FF972730202200FE6112 /* Person.swift */; };
		2B14FF9A2730203900FE6112 /* PersonCell.swift in Sources */ = {isa = PBXBuildFile; fileRef = 2B14FF992730203900FE6112 /* PersonCell.swift */; };
/* End PBXBuildFile section */

/* Begin PBXFileReference section */
		2B14FF8027301FCF00FE6112 /* Project10_a.app */ = {isa = PBXFileReference; explicitFileType = wrapper.application; includeInIndex = 0; path = Project10_a.app; sourceTree = BUILT_PRODUCTS_DIR; };
		2B14FF8327301FCF00FE6112 /* AppDelegate.swift */ = {isa = PBXFileReference; lastKnownFileType = sourcecode.swift; path = AppDelegate.swift; sourceTree = "<group>"; };
		2B14FF8527301FCF00FE6112 /* SceneDelegate.swift */ = {isa = PBXFileReference; lastKnownFileType = sourcecode.swift; path = SceneDelegate.swift; sourceTree = "<group>"; };
		2B14FF8727301FCF00FE6112 /* ViewController.swift */ = {isa = PBXFileReference; lastKnownFileType = sourcecode.swift; path = ViewController.swift; sourceTree = "<group>"; };
		2B14FF8A27301FCF00FE6112 /* Base */ = {isa = PBXFileReference; lastKnownFileType = file.storyboard; name = Base; path = Base.lproj/Main.storyboard; sourceTree = "<group>"; };
		2B14FF8C27301FD200FE6112 /* Assets.xcassets */ = {isa = PBXFileReference; lastKnownFileType = folder.assetcatalog; path = Assets.xcassets; sourceTree = "<group>"; };
		2B14FF8F27301FD200FE6112 /* Base */ = {isa = PBXFileReference; lastKnownFileType = file.storyboard; name = Base; path = Base.lproj/LaunchScreen.storyboard; sourceTree = "<group>"; };
		2B14FF9127301FD200FE6112 /* Info.plist */ = {isa = PBXFileReference; lastKnownFileType = text.plist.xml; path = Info.plist; sourceTree = "<group>"; };
		2B14FF972730202200FE6112 /* Person.swift */ = {isa = PBXFileReference; lastKnownFileType = sourcecode.swift; path = Person.swift; sourceTree = "<group>"; };
		2B14FF992730203900FE6112 /* PersonCell.swift */ = {isa = PBXFileReference; lastKnownFileType = sourcecode.swift; path = PersonCell.swift; sourceTree = "<group>"; };
/* End PBXFileReference section */

/* Begin PBXFrameworksBuildPhase section */
		2B14FF7D27301FCF00FE6112 /* Frameworks */ = {
			isa = PBXFrameworksBuildPhase;
			buildActionMask = 2147483647;
			files = (
			);
			runOnlyForDeploymentPostprocessing = 0;
		};
/* End PBXFrameworksBuildPhase section */

/* Begin PBXGroup section */
		2B14FF7727301FCF00FE6112 = {
			isa = PBXGroup;
			children = (
				2B14FF8227301FCF00FE6112 /* Project10_a */,
				2B14FF8127301FCF00FE6112 /* Products */,
			);
			sourceTree = "<group>";
		};
		2B14FF8127301FCF00FE6112 /* Products */ = {
			isa = PBXGroup;
			children = (
				2B14FF8027301FCF00FE6112 /* Project10_a.app */,
			);
			name = Products;
			sourceTree = "<group>";
		};
		2B14FF8227301FCF00FE6112 /* Project10_a */ = {
			isa = PBXGroup;
			children = (
				2B14FF8327301FCF00FE6112 /* AppDelegate.swift */,
				2B14FF8527301FCF00FE6112 /* SceneDelegate.swift */,
				2B14FF8727301FCF00FE6112 /* ViewController.swift */,
				2B14FF972730202200FE6112 /* Person.swift */,
				2B14FF992730203900FE6112 /* PersonCell.swift */,
				2B14FF8927301FCF00FE6112 /* Main.storyboard */,
				2B14FF8C27301FD200FE6112 /* Assets.xcassets */,
				2B14FF8E27301FD200FE6112 /* LaunchScreen.storyboard */,
				2B14FF9127301FD200FE6112 /* Info.plist */,
			);
			path = Project10_a;
			sourceTree = "<group>";
		};
/* End PBXGroup section */

/* Begin PBXNativeTarget section */
		2B14FF7F27301FCF00FE6112 /* Project10_a */ = {
			isa = PBXNativeTarget;
			buildConfigurationList = 2B14FF9427301FD200FE6112 /* Build configuration list for PBXNativeTarget "Project10_a" */;
			buildPhases = (
				2B14FF7C27301FCF00FE6112 /* Sources */,
				2B14FF7D27301FCF00FE6112 /* Frameworks */,
				2B14FF7E27301FCF00FE6112 /* Resources */,
			);
			buildRules = (
			);
			dependencies = (
			);
			name = Project10_a;
			productName = Project10_a;
			productReference = 2B14FF8027301FCF00FE6112 /* Project10_a.app */;
			productType = "com.apple.product-type.application";
		};
/* End PBXNativeTarget section */

/* Begin PBXProject section */
		2B14FF7827301FCF00FE6112 /* Project object */ = {
			isa = PBXProject;
			attributes = {
				LastSwiftUpdateCheck = 1250;
				LastUpgradeCheck = 1250;
				TargetAttributes = {
					2B14FF7F27301FCF00FE6112 = {
						CreatedOnToolsVersion = 12.5.1;
					};
				};
			};
			buildConfigurationList = 2B14FF7B27301FCF00FE6112 /* Build configuration list for PBXProject "Project10_a" */;
			compatibilityVersion = "Xcode 9.3";
			developmentRegion = en;
			hasScannedForEncodings = 0;
			knownRegions = (
				en,
				Base,
			);
			mainGroup = 2B14FF7727301FCF00FE6112;
			productRefGroup = 2B14FF8127301FCF00FE6112 /* Products */;
			projectDirPath = "";
			projectRoot = "";
			targets = (
				2B14FF7F27301FCF00FE6112 /* Project10_a */,
			);
		};
/* End PBXProject section */

/* Begin PBXResourcesBuildPhase section */
		2B14FF7E27301FCF00FE6112 /* Resources */ = {
			isa = PBXResourcesBuildPhase;
			buildActionMask = 2147483647;
			files = (
				2B14FF9027301FD200FE6112 /* LaunchScreen.storyboard in Resources */,
				2B14FF8D27301FD200FE6112 /* Assets.xcassets in Resources */,
				2B14FF8B27301FCF00FE6112 /* Main.storyboard in Resources */,
			);
			runOnlyForDeploymentPostprocessing = 0;
		};
/* End PBXResourcesBuildPhase section */

/* Begin PBXSourcesBuildPhase section */
		2B14FF7C27301FCF00FE6112 /* Sources */ = {
			isa = PBXSourcesBuildPhase;
			buildActionMask = 2147483647;
			files = (
				2B14FF8827301FCF00FE6112 /* ViewController.swift in Sources */,
				2B14FF9A2730203900FE6112 /* PersonCell.swift in Sources */,
				2B14FF8427301FCF00FE6112 /* AppDelegate.swift in Sources */,
				2B14FF982730202200FE6112 /* Person.swift in Sources */,
				2B14FF8627301FCF00FE6112 /* SceneDelegate.swift in Sources */,
			);
			runOnlyForDeploymentPostprocessing = 0;
		};
/* End PBXSourcesBuildPhase section */

/* Begin PBXVariantGroup section */
		2B14FF8927301FCF00FE6112 /* Main.storyboard */ = {
			isa = PBXVariantGroup;
			children = (
				2B14FF8A27301FCF00FE6112 /* Base */,
			);
			name = Main.storyboard;
			sourceTree = "<group>";
		};
		2B14FF8E27301FD200FE6112 /* LaunchScreen.storyboard */ = {
			isa = PBXVariantGroup;
			children = (
				2B14FF8F27301FD200FE6112 /* Base */,
			);
			name = LaunchScreen.storyboard;
			sourceTree = "<group>";
		};
/* End PBXVariantGroup section */

/* Begin XCBuildConfiguration section */
		2B14FF9227301FD200FE6112 /* Debug */ = {
			isa = XCBuildConfiguration;
			buildSettings = {
				ALWAYS_SEARCH_USER_PATHS = NO;
				CLANG_ANALYZER_NONNULL = YES;
				CLANG_ANALYZER_NUMBER_OBJECT_CONVERSION = YES_AGGRESSIVE;
				CLANG_CXX_LANGUAGE_STANDARD = "gnu++14";
				CLANG_CXX_LIBRARY = "libc++";
				CLANG_ENABLE_MODULES = YES;
				CLANG_ENABLE_OBJC_ARC = YES;
				CLANG_ENABLE_OBJC_WEAK = YES;
				CLANG_WARN_BLOCK_CAPTURE_AUTORELEASING = YES;
				CLANG_WARN_BOOL_CONVERSION = YES;
				CLANG_WARN_COMMA = YES;
				CLANG_WARN_CONSTANT_CONVERSION = YES;
				CLANG_WARN_DEPRECATED_OBJC_IMPLEMENTATIONS = YES;
				CLANG_WARN_DIRECT_OBJC_ISA_USAGE = YES_ERROR;
				CLANG_WARN_DOCUMENTATION_COMMENTS = YES;
				CLANG_WARN_EMPTY_BODY = YES;
				CLANG_WARN_ENUM_CONVERSION = YES;
				CLANG_WARN_INFINITE_RECURSION = YES;
				CLANG_WARN_INT_CONVERSION = YES;
				CLANG_WARN_NON_LITERAL_NULL_CONVERSION = YES;
				CLANG_WARN_OBJC_IMPLICIT_RETAIN_SELF = YES;
				CLANG_WARN_OBJC_LITERAL_CONVERSION = YES;
				CLANG_WARN_OBJC_ROOT_CLASS = YES_ERROR;
				CLANG_WARN_QUOTED_INCLUDE_IN_FRAMEWORK_HEADER = YES;
				CLANG_WARN_RANGE_LOOP_ANALYSIS = YES;
				CLANG_WARN_STRICT_PROTOTYPES = YES;
				CLANG_WARN_SUSPICIOUS_MOVE = YES;
				CLANG_WARN_UNGUARDED_AVAILABILITY = YES_AGGRESSIVE;
				CLANG_WARN_UNREACHABLE_CODE = YES;
				CLANG_WARN__DUPLICATE_METHOD_MATCH = YES;
				COPY_PHASE_STRIP = NO;
				DEBUG_INFORMATION_FORMAT = dwarf;
				ENABLE_STRICT_OBJC_MSGSEND = YES;
				ENABLE_TESTABILITY = YES;
				GCC_C_LANGUAGE_STANDARD = gnu11;
				GCC_DYNAMIC_NO_PIC = NO;
				GCC_NO_COMMON_BLOCKS = YES;
				GCC_OPTIMIZATION_LEVEL = 0;
				GCC_PREPROCESSOR_DEFINITIONS = (
					"DEBUG=1",
					"$(inherited)",
				);
				GCC_WARN_64_TO_32_BIT_CONVERSION = YES;
				GCC_WARN_ABOUT_RETURN_TYPE = YES_ERROR;
				GCC_WARN_UNDECLARED_SELECTOR = YES;
				GCC_WARN_UNINITIALIZED_AUTOS = YES_AGGRESSIVE;
				GCC_WARN_UNUSED_FUNCTION = YES;
				GCC_WARN_UNUSED_VARIABLE = YES;
				IPHONEOS_DEPLOYMENT_TARGET = 14.5;
				MTL_ENABLE_DEBUG_INFO = INCLUDE_SOURCE;
				MTL_FAST_MATH = YES;
				ONLY_ACTIVE_ARCH = YES;
				SDKROOT = iphoneos;
				SWIFT_ACTIVE_COMPILATION_CONDITIONS = DEBUG;
				SWIFT_OPTIMIZATION_LEVEL = "-Onone";
			};
			name = Debug;
		};
		2B14FF9327301FD200FE6112 /* Release */ = {
			isa = XCBuildConfiguration;
			buildSettings = {
				ALWAYS_SEARCH_USER_PATHS = NO;
				CLANG_ANALYZER_NONNULL = YES;
				CLANG_ANALYZER_NUMBER_OBJECT_CONVERSION = YES_AGGRESSIVE;
				CLANG_CXX_LANGUAGE_STANDARD = "gnu++14";
				CLANG_CXX_LIBRARY = "libc++";
				CLANG_ENABLE_MODULES = YES;
				CLANG_ENABLE_OBJC_ARC = YES;
				CLANG_ENABLE_OBJC_WEAK = YES;
				CLANG_WARN_BLOCK_CAPTURE_AUTORELEASING = YES;
				CLANG_WARN_BOOL_CONVERSION = YES;
				CLANG_WARN_COMMA = YES;
				CLANG_WARN_CONSTANT_CONVERSION = YES;
				CLANG_WARN_DEPRECATED_OBJC_IMPLEMENTATIONS = YES;
				CLANG_WARN_DIRECT_OBJC_ISA_USAGE = YES_ERROR;
				CLANG_WARN_DOCUMENTATION_COMMENTS = YES;
				CLANG_WARN_EMPTY_BODY = YES;
				CLANG_WARN_ENUM_CONVERSION = YES;
				CLANG_WARN_INFINITE_RECURSION = YES;
				CLANG_WARN_INT_CONVERSION = YES;
				CLANG_WARN_NON_LITERAL_NULL_CONVERSION = YES;
				CLANG_WARN_OBJC_IMPLICIT_RETAIN_SELF = YES;
				CLANG_WARN_OBJC_LITERAL_CONVERSION = YES;
				CLANG_WARN_OBJC_ROOT_CLASS = YES_ERROR;
				CLANG_WARN_QUOTED_INCLUDE_IN_FRAMEWORK_HEADER = YES;
				CLANG_WARN_RANGE_LOOP_ANALYSIS = YES;
				CLANG_WARN_STRICT_PROTOTYPES = YES;
				CLANG_WARN_SUSPICIOUS_MOVE = YES;
				CLANG_WARN_UNGUARDED_AVAILABILITY = YES_AGGRESSIVE;
				CLANG_WARN_UNREACHABLE_CODE = YES;
				CLANG_WARN__DUPLICATE_METHOD_MATCH = YES;
				COPY_PHASE_STRIP = NO;
				DEBUG_INFORMATION_FORMAT = "dwarf-with-dsym";
				ENABLE_NS_ASSERTIONS = NO;
				ENABLE_STRICT_OBJC_MSGSEND = YES;
				GCC_C_LANGUAGE_STANDARD = gnu11;
				GCC_NO_COMMON_BLOCKS = YES;
				GCC_WARN_64_TO_32_BIT_CONVERSION = YES;
				GCC_WARN_ABOUT_RETURN_TYPE = YES_ERROR;
				GCC_WARN_UNDECLARED_SELECTOR = YES;
				GCC_WARN_UNINITIALIZED_AUTOS = YES_AGGRESSIVE;
				GCC_WARN_UNUSED_FUNCTION = YES;
				GCC_WARN_UNUSED_VARIABLE = YES;
				IPHONEOS_DEPLOYMENT_TARGET = 14.5;
				MTL_ENABLE_DEBUG_INFO = NO;
				MTL_FAST_MATH = YES;
				SDKROOT = iphoneos;
				SWIFT_COMPILATION_MODE = wholemodule;
				SWIFT_OPTIMIZATION_LEVEL = "-O";
				VALIDATE_PRODUCT = YES;
			};
			name = Release;
		};
		2B14FF9527301FD200FE6112 /* Debug */ = {
			isa = XCBuildConfiguration;
			buildSettings = {
				ASSETCATALOG_COMPILER_APPICON_NAME = AppIcon;
				ASSETCATALOG_COMPILER_GLOBAL_ACCENT_COLOR_NAME = AccentColor;
				CODE_SIGN_STYLE = Automatic;
				DEVELOPMENT_TEAM = 2Q6MH57SWY;
				INFOPLIST_FILE = Project10_a/Info.plist;
				LD_RUNPATH_SEARCH_PATHS = (
					"$(inherited)",
					"@executable_path/Frameworks",
				);
				PRODUCT_BUNDLE_IDENTIFIER = "com.jsy.Project10-a";
				PRODUCT_NAME = "$(TARGET_NAME)";
				SWIFT_VERSION = 5.0;
				TARGETED_DEVICE_FAMILY = "1,2";
			};
			name = Debug;
		};
		2B14FF9627301FD200FE6112 /* Release */ = {
			isa = XCBuildConfiguration;
			buildSettings = {
				ASSETCATALOG_COMPILER_APPICON_NAME = AppIcon;
				ASSETCATALOG_COMPILER_GLOBAL_ACCENT_COLOR_NAME = AccentColor;
				CODE_SIGN_STYLE = Automatic;
				DEVELOPMENT_TEAM = 2Q6MH57SWY;
				INFOPLIST_FILE = Project10_a/Info.plist;
				LD_RUNPATH_SEARCH_PATHS = (
					"$(inherited)",
					"@executable_path/Frameworks",
				);
				PRODUCT_BUNDLE_IDENTIFIER = "com.jsy.Project10-a";
				PRODUCT_NAME = "$(TARGET_NAME)";
				SWIFT_VERSION = 5.0;
				TARGETED_DEVICE_FAMILY = "1,2";
			};
			name = Release;
		};
/* End XCBuildConfiguration section */

/* Begin XCConfigurationList section */
		2B14FF7B27301FCF00FE6112 /* Build configuration list for PBXProject "Project10_a" */ = {
			isa = XCConfigurationList;
			buildConfigurations = (
				2B14FF9227301FD200FE6112 /* Debug */,
				2B14FF9327301FD200FE6112 /* Release */,
			);
			defaultConfigurationIsVisible = 0;
			defaultConfigurationName = Release;
		};
		2B14FF9427301FD200FE6112 /* Build configuration list for PBXNativeTarget "Project10_a" */ = {
			isa = XCConfigurationList;
			buildConfigurations = (
				2B14FF9527301FD200FE6112 /* Debug */,
				2B14FF9627301FD200FE6112 /* Release */,
			);
			defaultConfigurationIsVisible = 0;
			defaultConfigurationName = Release;
		};
/* End XCConfigurationList section */
	};
	rootObject = 2B14FF7827301FCF00FE6112 /* Project object */;
}
